
Microsoft Visual Studio Solution File, Format Version 12.00
# Visual Studio Version 17
VisualStudioVersion = 17.4.33213.308
MinimumVisualStudioVersion = 10.0.40219.1
Project("{FAE04EC0-301F-11D3-BF4B-00C04F79EFBC}") = "BarbezDotEu.Extensions.Hosting", "BarbezDotEu.Extensions.Hosting\BarbezDotEu.Extensions.Hosting.csproj", "{67AA35D5-28B4-434A-876B-9673FB136757}"
EndProject
Global
	GlobalSection(SolutionConfigurationPlatforms) = preSolution
		Debug|Any CPU = Debug|Any CPU
		Release|Any CPU = Release|Any CPU
	EndGlobalSection
	GlobalSection(ProjectConfigurationPlatforms) = postSolution
		{67AA35D5-28B4-434A-876B-9673FB136757}.Debug|Any CPU.ActiveCfg = Debug|Any CPU
		{67AA35D5-28B4-434A-876B-9673FB136757}.Debug|Any CPU.Build.0 = Debug|Any CPU
		{67AA35D5-28B4-434A-876B-9673FB136757}.Release|Any CPU.ActiveCfg = Release|Any CPU
		{67AA35D5-28B4-434A-876B-9673FB136757}.Release|Any CPU.Build.0 = Release|Any CPU
	EndGlobalSection
	GlobalSection(SolutionProperties) = preSolution
		HideSolutionNode = FALSE
	EndGlobalSection
	GlobalSection(ExtensibilityGlobals) = postSolution
		SolutionGuid = {0521CBE0-FB60-4350-BE2D-B95BBC7E4BAD}
	EndGlobalSection
EndGlobal
